
Microsoft Visual Studio Solution File, Format Version 12.00
# Visual Studio Version 17
VisualStudioVersion = 17.4.33213.308
MinimumVisualStudioVersion = 10.0.40219.1
Project("{FAE04EC0-301F-11D3-BF4B-00C04F79EFBC}") = "lib_entidades_dominio", "lib_entidades_dominio\lib_entidades_dominio.csproj", "{FBB5D663-6F06-43E5-8DE3-956D76CC22FB}"
EndProject
Project("{2150E333-8FDC-42A3-9474-1A3956D46DE8}") = "Solution Items", "Solution Items", "{B78D64DA-048F-4028-A93F-C16A010DE1BA}"
	ProjectSection(SolutionItems) = preProject
		..\.gitignore = ..\.gitignore
		..\README.md = ..\README.md
	EndProjectSection
EndProject
Project("{FAE04EC0-301F-11D3-BF4B-00C04F79EFBC}") = "lib_repositorios", "lib_repositorios\lib_repositorios.csproj", "{0148D797-446C-4728-B6D6-D975FFDB5C33}"
EndProject
Project("{FAE04EC0-301F-11D3-BF4B-00C04F79EFBC}") = "asp_hoteles", "asp_hoteles\asp_hoteles.csproj", "{3D1BD6ED-F60C-4EEA-97BC-42D7A6661B1E}"
EndProject
Project("{FAE04EC0-301F-11D3-BF4B-00C04F79EFBC}") = "lib_aplicaciones", "lib_aplicaciones\lib_aplicaciones.csproj", "{6A4DDF41-206F-472F-B34E-1F29942AA39F}"
EndProject
Global
	GlobalSection(SolutionConfigurationPlatforms) = preSolution
		Debug|Any CPU = Debug|Any CPU
		Release|Any CPU = Release|Any CPU
	EndGlobalSection
	GlobalSection(ProjectConfigurationPlatforms) = postSolution
		{FBB5D663-6F06-43E5-8DE3-956D76CC22FB}.Debug|Any CPU.ActiveCfg = Debug|Any CPU
		{FBB5D663-6F06-43E5-8DE3-956D76CC22FB}.Debug|Any CPU.Build.0 = Debug|Any CPU
		{FBB5D663-6F06-43E5-8DE3-956D76CC22FB}.Release|Any CPU.ActiveCfg = Release|Any CPU
		{FBB5D663-6F06-43E5-8DE3-956D76CC22FB}.Release|Any CPU.Build.0 = Release|Any CPU
		{0148D797-446C-4728-B6D6-D975FFDB5C33}.Debug|Any CPU.ActiveCfg = Debug|Any CPU
		{0148D797-446C-4728-B6D6-D975FFDB5C33}.Debug|Any CPU.Build.0 = Debug|Any CPU
		{0148D797-446C-4728-B6D6-D975FFDB5C33}.Release|Any CPU.ActiveCfg = Release|Any CPU
		{0148D797-446C-4728-B6D6-D975FFDB5C33}.Release|Any CPU.Build.0 = Release|Any CPU
		{3D1BD6ED-F60C-4EEA-97BC-42D7A6661B1E}.Debug|Any CPU.ActiveCfg = Debug|Any CPU
		{3D1BD6ED-F60C-4EEA-97BC-42D7A6661B1E}.Debug|Any CPU.Build.0 = Debug|Any CPU
		{3D1BD6ED-F60C-4EEA-97BC-42D7A6661B1E}.Release|Any CPU.ActiveCfg = Release|Any CPU
		{3D1BD6ED-F60C-4EEA-97BC-42D7A6661B1E}.Release|Any CPU.Build.0 = Release|Any CPU
		{6A4DDF41-206F-472F-B34E-1F29942AA39F}.Debug|Any CPU.ActiveCfg = Debug|Any CPU
		{6A4DDF41-206F-472F-B34E-1F29942AA39F}.Debug|Any CPU.Build.0 = Debug|Any CPU
		{6A4DDF41-206F-472F-B34E-1F29942AA39F}.Release|Any CPU.ActiveCfg = Release|Any CPU
		{6A4DDF41-206F-472F-B34E-1F29942AA39F}.Release|Any CPU.Build.0 = Release|Any CPU
	EndGlobalSection
	GlobalSection(SolutionProperties) = preSolution
		HideSolutionNode = FALSE
	EndGlobalSection
	GlobalSection(ExtensibilityGlobals) = postSolution
		SolutionGuid = {CD6E6486-2237-47FC-B4E3-85683BD6EB6F}
	EndGlobalSection
EndGlobal
